
Microsoft Visual Studio Solution File, Format Version 12.00
# Visual Studio Version 16
VisualStudioVersion = 16.0.30320.27
MinimumVisualStudioVersion = 10.0.40219.1
Project("{FAE04EC0-301F-11D3-BF4B-00C04F79EFBC}") = "Passcore.Android", "Passcore.Android\Passcore.Android.csproj", "{92771230-06A8-4731-8814-59E856230A87}"
EndProject
Global
	GlobalSection(SolutionConfigurationPlatforms) = preSolution
		Debug|Any CPU = Debug|Any CPU
		Release|Any CPU = Release|Any CPU
	EndGlobalSection
	GlobalSection(ProjectConfigurationPlatforms) = postSolution
		{92771230-06A8-4731-8814-59E856230A87}.Debug|Any CPU.ActiveCfg = Debug|Any CPU
		{92771230-06A8-4731-8814-59E856230A87}.Debug|Any CPU.Build.0 = Debug|Any CPU
		{92771230-06A8-4731-8814-59E856230A87}.Debug|Any CPU.Deploy.0 = Debug|Any CPU
		{92771230-06A8-4731-8814-59E856230A87}.Release|Any CPU.ActiveCfg = Release|Any CPU
		{92771230-06A8-4731-8814-59E856230A87}.Release|Any CPU.Build.0 = Release|Any CPU
		{92771230-06A8-4731-8814-59E856230A87}.Release|Any CPU.Deploy.0 = Release|Any CPU
	EndGlobalSection
	GlobalSection(SolutionProperties) = preSolution
		HideSolutionNode = FALSE
	EndGlobalSection
	GlobalSection(ExtensibilityGlobals) = postSolution
		SolutionGuid = {0E80E8F9-4C42-40B1-A7E0-80CAC0DD9539}
	EndGlobalSection
EndGlobal
